
Microsoft Visual Studio Solution File, Format Version 12.00
# Visual Studio Version 17
VisualStudioVersion = 17.9.34728.123
MinimumVisualStudioVersion = 10.0.40219.1
Project("{FAE04EC0-301F-11D3-BF4B-00C04F79EFBC}") = "EarnMoney", "EarnMoney\EarnMoney.csproj", "{4E30B118-844D-4066-A47D-4ECED5B77C6B}"
EndProject
Global
	GlobalSection(SolutionConfigurationPlatforms) = preSolution
		Debug|Any CPU = Debug|Any CPU
		Release|Any CPU = Release|Any CPU
	EndGlobalSection
	GlobalSection(ProjectConfigurationPlatforms) = postSolution
		{4E30B118-844D-4066-A47D-4ECED5B77C6B}.Debug|Any CPU.ActiveCfg = Debug|Any CPU
		{4E30B118-844D-4066-A47D-4ECED5B77C6B}.Debug|Any CPU.Build.0 = Debug|Any CPU
		{4E30B118-844D-4066-A47D-4ECED5B77C6B}.Release|Any CPU.ActiveCfg = Release|Any CPU
		{4E30B118-844D-4066-A47D-4ECED5B77C6B}.Release|Any CPU.Build.0 = Release|Any CPU
	EndGlobalSection
	GlobalSection(SolutionProperties) = preSolution
		HideSolutionNode = FALSE
	EndGlobalSection
	GlobalSection(ExtensibilityGlobals) = postSolution
		SolutionGuid = {82BC88D8-CEDD-4A68-8ED8-EA0445D41627}
	EndGlobalSection
EndGlobal
